// !$*UTF8*$!
{
	archiveVersion = 1;
	classes = {
	};
	objectVersion = 50;
	objects = {

/* Begin PBXBuildFile section */
		A36E845504CCFF2F09775CB9 /* Pods_FindMyFriends.framework in Frameworks */ = {isa = PBXBuildFile; fileRef = CAE6406EDBE9B1087C663E63 /* Pods_FindMyFriends.framework */; };
		B325A9122116B0C200DE4591 /* .gitignore in Resources */ = {isa = PBXBuildFile; fileRef = B325A9112116B0C200DE4591 /* .gitignore */; };
		B34F180920F2439700B284AF /* LocationHistoryTableViewController.swift in Sources */ = {isa = PBXBuildFile; fileRef = B34F180820F2439700B284AF /* LocationHistoryTableViewController.swift */; };
		B35884B120F1FE4E00938EAB /* LogManager.swift in Sources */ = {isa = PBXBuildFile; fileRef = B35884B020F1FE4E00938EAB /* LogManager.swift */; };
		B358B83720EA6BAE002CF702 /* SettingTableViewController.swift in Sources */ = {isa = PBXBuildFile; fileRef = B358B83620EA6BAE002CF702 /* SettingTableViewController.swift */; };
		B3E9A5E720E9C7AA003AD82A /* AppDelegate.swift in Sources */ = {isa = PBXBuildFile; fileRef = B3E9A5E620E9C7AA003AD82A /* AppDelegate.swift */; };
		B3E9A5E920E9C7AA003AD82A /* ViewController.swift in Sources */ = {isa = PBXBuildFile; fileRef = B3E9A5E820E9C7AA003AD82A /* ViewController.swift */; };
		B3E9A5EC20E9C7AA003AD82A /* Main.storyboard in Resources */ = {isa = PBXBuildFile; fileRef = B3E9A5EA20E9C7AA003AD82A /* Main.storyboard */; };
		B3E9A5EE20E9C7AC003AD82A /* Assets.xcassets in Resources */ = {isa = PBXBuildFile; fileRef = B3E9A5ED20E9C7AC003AD82A /* Assets.xcassets */; };
		B3E9A5F120E9C7AC003AD82A /* LaunchScreen.storyboard in Resources */ = {isa = PBXBuildFile; fileRef = B3E9A5EF20E9C7AC003AD82A /* LaunchScreen.storyboard */; };
		B3E9A5FD20E9CAEF003AD82A /* FriendTableViewController.swift in Sources */ = {isa = PBXBuildFile; fileRef = B3E9A5FC20E9CAEF003AD82A /* FriendTableViewController.swift */; };
		B3E9A5FF20E9CB2A003AD82A /* FriendTableViewCell.swift in Sources */ = {isa = PBXBuildFile; fileRef = B3E9A5FE20E9CB2A003AD82A /* FriendTableViewCell.swift */; };
		B3E9A60D20E9FE88003AD82A /* Friend.swift in Sources */ = {isa = PBXBuildFile; fileRef = B3E9A60C20E9FE88003AD82A /* Friend.swift */; };
		B3E9A60F20EA1490003AD82A /* LocationCommunicator.swift in Sources */ = {isa = PBXBuildFile; fileRef = B3E9A60E20EA1490003AD82A /* LocationCommunicator.swift */; };
/* End PBXBuildFile section */

/* Begin PBXFileReference section */
		7F1DA1DFD24746C7F1C0DEFF /* Pods-FindMyFriends.release.xcconfig */ = {isa = PBXFileReference; includeInIndex = 1; lastKnownFileType = text.xcconfig; name = "Pods-FindMyFriends.release.xcconfig"; path = "Pods/Target Support Files/Pods-FindMyFriends/Pods-FindMyFriends.release.xcconfig"; sourceTree = "<group>"; };
		A2792805F632546E0E7F041A /* Pods-FindMyFriends.debug.xcconfig */ = {isa = PBXFileReference; includeInIndex = 1; lastKnownFileType = text.xcconfig; name = "Pods-FindMyFriends.debug.xcconfig"; path = "Pods/Target Support Files/Pods-FindMyFriends/Pods-FindMyFriends.debug.xcconfig"; sourceTree = "<group>"; };
		B325A9112116B0C200DE4591 /* .gitignore */ = {isa = PBXFileReference; lastKnownFileType = text; path = .gitignore; sourceTree = "<group>"; };
		B34F180820F2439700B284AF /* LocationHistoryTableViewController.swift */ = {isa = PBXFileReference; lastKnownFileType = sourcecode.swift; path = LocationHistoryTableViewController.swift; sourceTree = "<group>"; };
		B35884B020F1FE4E00938EAB /* LogManager.swift */ = {isa = PBXFileReference; lastKnownFileType = sourcecode.swift; path = LogManager.swift; sourceTree = "<group>"; };
		B358B83620EA6BAE002CF702 /* SettingTableViewController.swift */ = {isa = PBXFileReference; lastKnownFileType = sourcecode.swift; path = SettingTableViewController.swift; sourceTree = "<group>"; };
		B3E9A5E320E9C7AA003AD82A /* FindMyFriends.app */ = {isa = PBXFileReference; explicitFileType = wrapper.application; includeInIndex = 0; path = FindMyFriends.app; sourceTree = BUILT_PRODUCTS_DIR; };
		B3E9A5E620E9C7AA003AD82A /* AppDelegate.swift */ = {isa = PBXFileReference; lastKnownFileType = sourcecode.swift; path = AppDelegate.swift; sourceTree = "<group>"; };
		B3E9A5E820E9C7AA003AD82A /* ViewController.swift */ = {isa = PBXFileReference; lastKnownFileType = sourcecode.swift; path = ViewController.swift; sourceTree = "<group>"; };
		B3E9A5EB20E9C7AA003AD82A /* Base */ = {isa = PBXFileReference; lastKnownFileType = file.storyboard; name = Base; path = Base.lproj/Main.storyboard; sourceTree = "<group>"; };
		B3E9A5ED20E9C7AC003AD82A /* Assets.xcassets */ = {isa = PBXFileReference; lastKnownFileType = folder.assetcatalog; path = Assets.xcassets; sourceTree = "<group>"; };
		B3E9A5F020E9C7AC003AD82A /* Base */ = {isa = PBXFileReference; lastKnownFileType = file.storyboard; name = Base; path = Base.lproj/LaunchScreen.storyboard; sourceTree = "<group>"; };
		B3E9A5F220E9C7AC003AD82A /* Info.plist */ = {isa = PBXFileReference; lastKnownFileType = text.plist.xml; path = Info.plist; sourceTree = "<group>"; };
		B3E9A5FC20E9CAEF003AD82A /* FriendTableViewController.swift */ = {isa = PBXFileReference; lastKnownFileType = sourcecode.swift; path = FriendTableViewController.swift; sourceTree = "<group>"; };
		B3E9A5FE20E9CB2A003AD82A /* FriendTableViewCell.swift */ = {isa = PBXFileReference; lastKnownFileType = sourcecode.swift; path = FriendTableViewCell.swift; sourceTree = "<group>"; };
		B3E9A60C20E9FE88003AD82A /* Friend.swift */ = {isa = PBXFileReference; lastKnownFileType = sourcecode.swift; path = Friend.swift; sourceTree = "<group>"; };
		B3E9A60E20EA1490003AD82A /* LocationCommunicator.swift */ = {isa = PBXFileReference; fileEncoding = 4; lastKnownFileType = sourcecode.swift; path = LocationCommunicator.swift; sourceTree = "<group>"; };
		CAE6406EDBE9B1087C663E63 /* Pods_FindMyFriends.framework */ = {isa = PBXFileReference; explicitFileType = wrapper.framework; includeInIndex = 0; path = Pods_FindMyFriends.framework; sourceTree = BUILT_PRODUCTS_DIR; };
/* End PBXFileReference section */

/* Begin PBXFrameworksBuildPhase section */
		B3E9A5E020E9C7AA003AD82A /* Frameworks */ = {
			isa = PBXFrameworksBuildPhase;
			buildActionMask = 2147483647;
			files = (
				A36E845504CCFF2F09775CB9 /* Pods_FindMyFriends.framework in Frameworks */,
			);
			runOnlyForDeploymentPostprocessing = 0;
		};
/* End PBXFrameworksBuildPhase section */

/* Begin PBXGroup section */
		2A6265CC818C2B8489E670FA /* Pods */ = {
			isa = PBXGroup;
			children = (
				A2792805F632546E0E7F041A /* Pods-FindMyFriends.debug.xcconfig */,
				7F1DA1DFD24746C7F1C0DEFF /* Pods-FindMyFriends.release.xcconfig */,
			);
			name = Pods;
			sourceTree = "<group>";
		};
		B3E9A5DA20E9C7AA003AD82A = {
			isa = PBXGroup;
			children = (
				B325A9112116B0C200DE4591 /* .gitignore */,
				B3E9A5E520E9C7AA003AD82A /* FindMyFriends */,
				B3E9A5E420E9C7AA003AD82A /* Products */,
				2A6265CC818C2B8489E670FA /* Pods */,
				B7DD5B9EB890DCF60E87DF38 /* Frameworks */,
			);
			sourceTree = "<group>";
		};
		B3E9A5E420E9C7AA003AD82A /* Products */ = {
			isa = PBXGroup;
			children = (
				B3E9A5E320E9C7AA003AD82A /* FindMyFriends.app */,
			);
			name = Products;
			sourceTree = "<group>";
		};
		B3E9A5E520E9C7AA003AD82A /* FindMyFriends */ = {
			isa = PBXGroup;
			children = (
				B3E9A5E620E9C7AA003AD82A /* AppDelegate.swift */,
				B3E9A5E820E9C7AA003AD82A /* ViewController.swift */,
				B3E9A5FC20E9CAEF003AD82A /* FriendTableViewController.swift */,
				B3E9A5FE20E9CB2A003AD82A /* FriendTableViewCell.swift */,
				B358B83620EA6BAE002CF702 /* SettingTableViewController.swift */,
				B34F180820F2439700B284AF /* LocationHistoryTableViewController.swift */,
				B3E9A60C20E9FE88003AD82A /* Friend.swift */,
				B3E9A60E20EA1490003AD82A /* LocationCommunicator.swift */,
				B35884B020F1FE4E00938EAB /* LogManager.swift */,
				B3E9A5EA20E9C7AA003AD82A /* Main.storyboard */,
				B3E9A5ED20E9C7AC003AD82A /* Assets.xcassets */,
				B3E9A5EF20E9C7AC003AD82A /* LaunchScreen.storyboard */,
				B3E9A5F220E9C7AC003AD82A /* Info.plist */,
			);
			path = FindMyFriends;
			sourceTree = "<group>";
		};
		B7DD5B9EB890DCF60E87DF38 /* Frameworks */ = {
			isa = PBXGroup;
			children = (
				CAE6406EDBE9B1087C663E63 /* Pods_FindMyFriends.framework */,
			);
			name = Frameworks;
			sourceTree = "<group>";
		};
/* End PBXGroup section */

/* Begin PBXNativeTarget section */
		B3E9A5E220E9C7AA003AD82A /* FindMyFriends */ = {
			isa = PBXNativeTarget;
			buildConfigurationList = B3E9A5F520E9C7AC003AD82A /* Build configuration list for PBXNativeTarget "FindMyFriends" */;
			buildPhases = (
				29E9550816215B31C14ACB33 /* [CP] Check Pods Manifest.lock */,
				B3E9A5DF20E9C7AA003AD82A /* Sources */,
				B3E9A5E020E9C7AA003AD82A /* Frameworks */,
				B3E9A5E120E9C7AA003AD82A /* Resources */,
				D9B2D7203464AB3E6FE10181 /* [CP] Embed Pods Frameworks */,
			);
			buildRules = (
			);
			dependencies = (
			);
			name = FindMyFriends;
			productName = FindMyFriend;
			productReference = B3E9A5E320E9C7AA003AD82A /* FindMyFriends.app */;
			productType = "com.apple.product-type.application";
		};
/* End PBXNativeTarget section */

/* Begin PBXProject section */
		B3E9A5DB20E9C7AA003AD82A /* Project object */ = {
			isa = PBXProject;
			attributes = {
				LastSwiftUpdateCheck = 1000;
				LastUpgradeCheck = 1000;
				ORGANIZATIONNAME = "Che-wei LIU";
				TargetAttributes = {
					B3E9A5E220E9C7AA003AD82A = {
						CreatedOnToolsVersion = 10.0;
						SystemCapabilities = {
							com.apple.BackgroundModes = {
								enabled = 1;
							};
						};
					};
				};
			};
			buildConfigurationList = B3E9A5DE20E9C7AA003AD82A /* Build configuration list for PBXProject "FindMyFriends" */;
			compatibilityVersion = "Xcode 9.3";
			developmentRegion = en;
			hasScannedForEncodings = 0;
			knownRegions = (
				en,
				Base,
			);
			mainGroup = B3E9A5DA20E9C7AA003AD82A;
			productRefGroup = B3E9A5E420E9C7AA003AD82A /* Products */;
			projectDirPath = "";
			projectRoot = "";
			targets = (
				B3E9A5E220E9C7AA003AD82A /* FindMyFriends */,
			);
		};
/* End PBXProject section */

/* Begin PBXResourcesBuildPhase section */
		B3E9A5E120E9C7AA003AD82A /* Resources */ = {
			isa = PBXResourcesBuildPhase;
			buildActionMask = 2147483647;
			files = (
				B325A9122116B0C200DE4591 /* .gitignore in Resources */,
				B3E9A5F120E9C7AC003AD82A /* LaunchScreen.storyboard in Resources */,
				B3E9A5EE20E9C7AC003AD82A /* Assets.xcassets in Resources */,
				B3E9A5EC20E9C7AA003AD82A /* Main.storyboard in Resources */,
			);
			runOnlyForDeploymentPostprocessing = 0;
		};
/* End PBXResourcesBuildPhase section */

/* Begin PBXShellScriptBuildPhase section */
		29E9550816215B31C14ACB33 /* [CP] Check Pods Manifest.lock */ = {
			isa = PBXShellScriptBuildPhase;
			buildActionMask = 2147483647;
			files = (
			);
			inputPaths = (
				"${PODS_PODFILE_DIR_PATH}/Podfile.lock",
				"${PODS_ROOT}/Manifest.lock",
			);
			name = "[CP] Check Pods Manifest.lock";
			outputPaths = (
				"$(DERIVED_FILE_DIR)/Pods-FindMyFriends-checkManifestLockResult.txt",
			);
			runOnlyForDeploymentPostprocessing = 0;
			shellPath = /bin/sh;
			shellScript = "diff \"${PODS_PODFILE_DIR_PATH}/Podfile.lock\" \"${PODS_ROOT}/Manifest.lock\" > /dev/null\nif [ $? != 0 ] ; then\n    # print error to STDERR\n    echo \"error: The sandbox is not in sync with the Podfile.lock. Run 'pod install' or update your CocoaPods installation.\" >&2\n    exit 1\nfi\n# This output is used by Xcode 'outputs' to avoid re-running this script phase.\necho \"SUCCESS\" > \"${SCRIPT_OUTPUT_FILE_0}\"\n";
			showEnvVarsInLog = 0;
		};
		D9B2D7203464AB3E6FE10181 /* [CP] Embed Pods Frameworks */ = {
			isa = PBXShellScriptBuildPhase;
			buildActionMask = 2147483647;
			files = (
			);
			inputPaths = (
				"${SRCROOT}/Pods/Target Support Files/Pods-FindMyFriends/Pods-FindMyFriends-frameworks.sh",
				"${BUILT_PRODUCTS_DIR}/SQLite.swift/SQLite.framework",
			);
			name = "[CP] Embed Pods Frameworks";
			outputPaths = (
				"${TARGET_BUILD_DIR}/${FRAMEWORKS_FOLDER_PATH}/SQLite.framework",
			);
			runOnlyForDeploymentPostprocessing = 0;
			shellPath = /bin/sh;
			shellScript = "\"${SRCROOT}/Pods/Target Support Files/Pods-FindMyFriends/Pods-FindMyFriends-frameworks.sh\"\n";
			showEnvVarsInLog = 0;
		};
/* End PBXShellScriptBuildPhase section */

/* Begin PBXSourcesBuildPhase section */
		B3E9A5DF20E9C7AA003AD82A /* Sources */ = {
			isa = PBXSourcesBuildPhase;
			buildActionMask = 2147483647;
			files = (
				B35884B120F1FE4E00938EAB /* LogManager.swift in Sources */,
				B358B83720EA6BAE002CF702 /* SettingTableViewController.swift in Sources */,
				B3E9A60F20EA1490003AD82A /* LocationCommunicator.swift in Sources */,
				B3E9A60D20E9FE88003AD82A /* Friend.swift in Sources */,
				B3E9A5E920E9C7AA003AD82A /* ViewController.swift in Sources */,
				B3E9A5FD20E9CAEF003AD82A /* FriendTableViewController.swift in Sources */,
				B3E9A5E720E9C7AA003AD82A /* AppDelegate.swift in Sources */,
				B34F180920F2439700B284AF /* LocationHistoryTableViewController.swift in Sources */,
				B3E9A5FF20E9CB2A003AD82A /* FriendTableViewCell.swift in Sources */,
			);
			runOnlyForDeploymentPostprocessing = 0;
		};
/* End PBXSourcesBuildPhase section */

/* Begin PBXVariantGroup section */
		B3E9A5EA20E9C7AA003AD82A /* Main.storyboard */ = {
			isa = PBXVariantGroup;
			children = (
				B3E9A5EB20E9C7AA003AD82A /* Base */,
			);
			name = Main.storyboard;
			sourceTree = "<group>";
		};
		B3E9A5EF20E9C7AC003AD82A /* LaunchScreen.storyboard */ = {
			isa = PBXVariantGroup;
			children = (
				B3E9A5F020E9C7AC003AD82A /* Base */,
			);
			name = LaunchScreen.storyboard;
			sourceTree = "<group>";
		};
/* End PBXVariantGroup section */

/* Begin XCBuildConfiguration section */
		B3E9A5F320E9C7AC003AD82A /* Debug */ = {
			isa = XCBuildConfiguration;
			buildSettings = {
				ALWAYS_SEARCH_USER_PATHS = NO;
				CLANG_ANALYZER_NONNULL = YES;
				CLANG_ANALYZER_NUMBER_OBJECT_CONVERSION = YES_AGGRESSIVE;
				CLANG_CXX_LANGUAGE_STANDARD = "gnu++14";
				CLANG_CXX_LIBRARY = "libc++";
				CLANG_ENABLE_MODULES = YES;
				CLANG_ENABLE_OBJC_ARC = YES;
				CLANG_ENABLE_OBJC_WEAK = YES;
				CLANG_WARN_BLOCK_CAPTURE_AUTORELEASING = YES;
				CLANG_WARN_BOOL_CONVERSION = YES;
				CLANG_WARN_COMMA = YES;
				CLANG_WARN_CONSTANT_CONVERSION = YES;
				CLANG_WARN_DEPRECATED_OBJC_IMPLEMENTATIONS = YES;
				CLANG_WARN_DIRECT_OBJC_ISA_USAGE = YES_ERROR;
				CLANG_WARN_DOCUMENTATION_COMMENTS = YES;
				CLANG_WARN_EMPTY_BODY = YES;
				CLANG_WARN_ENUM_CONVERSION = YES;
				CLANG_WARN_INFINITE_RECURSION = YES;
				CLANG_WARN_INT_CONVERSION = YES;
				CLANG_WARN_NON_LITERAL_NULL_CONVERSION = YES;
				CLANG_WARN_OBJC_IMPLICIT_RETAIN_SELF = YES;
				CLANG_WARN_OBJC_LITERAL_CONVERSION = YES;
				CLANG_WARN_OBJC_ROOT_CLASS = YES_ERROR;
				CLANG_WARN_RANGE_LOOP_ANALYSIS = YES;
				CLANG_WARN_STRICT_PROTOTYPES = YES;
				CLANG_WARN_SUSPICIOUS_MOVE = YES;
				CLANG_WARN_UNGUARDED_AVAILABILITY = YES_AGGRESSIVE;
				CLANG_WARN_UNREACHABLE_CODE = YES;
				CLANG_WARN__DUPLICATE_METHOD_MATCH = YES;
				CODE_SIGN_IDENTITY = "iPhone Developer";
				COPY_PHASE_STRIP = NO;
				DEBUG_INFORMATION_FORMAT = dwarf;
				ENABLE_STRICT_OBJC_MSGSEND = YES;
				ENABLE_TESTABILITY = YES;
				GCC_C_LANGUAGE_STANDARD = gnu11;
				GCC_DYNAMIC_NO_PIC = NO;
				GCC_NO_COMMON_BLOCKS = YES;
				GCC_OPTIMIZATION_LEVEL = 0;
				GCC_PREPROCESSOR_DEFINITIONS = (
					"DEBUG=1",
					"$(inherited)",
				);
				GCC_WARN_64_TO_32_BIT_CONVERSION = YES;
				GCC_WARN_ABOUT_RETURN_TYPE = YES_ERROR;
				GCC_WARN_UNDECLARED_SELECTOR = YES;
				GCC_WARN_UNINITIALIZED_AUTOS = YES_AGGRESSIVE;
				GCC_WARN_UNUSED_FUNCTION = YES;
				GCC_WARN_UNUSED_VARIABLE = YES;
				IPHONEOS_DEPLOYMENT_TARGET = 12.0;
				MTL_ENABLE_DEBUG_INFO = INCLUDE_SOURCE;
				ONLY_ACTIVE_ARCH = YES;
				SDKROOT = iphoneos;
				SWIFT_ACTIVE_COMPILATION_CONDITIONS = DEBUG;
				SWIFT_OPTIMIZATION_LEVEL = "-Onone";
			};
			name = Debug;
		};
		B3E9A5F420E9C7AC003AD82A /* Release */ = {
			isa = XCBuildConfiguration;
			buildSettings = {
				ALWAYS_SEARCH_USER_PATHS = NO;
				CLANG_ANALYZER_NONNULL = YES;
				CLANG_ANALYZER_NUMBER_OBJECT_CONVERSION = YES_AGGRESSIVE;
				CLANG_CXX_LANGUAGE_STANDARD = "gnu++14";
				CLANG_CXX_LIBRARY = "libc++";
				CLANG_ENABLE_MODULES = YES;
				CLANG_ENABLE_OBJC_ARC = YES;
				CLANG_ENABLE_OBJC_WEAK = YES;
				CLANG_WARN_BLOCK_CAPTURE_AUTORELEASING = YES;
				CLANG_WARN_BOOL_CONVERSION = YES;
				CLANG_WARN_COMMA = YES;
				CLANG_WARN_CONSTANT_CONVERSION = YES;
				CLANG_WARN_DEPRECATED_OBJC_IMPLEMENTATIONS = YES;
				CLANG_WARN_DIRECT_OBJC_ISA_USAGE = YES_ERROR;
				CLANG_WARN_DOCUMENTATION_COMMENTS = YES;
				CLANG_WARN_EMPTY_BODY = YES;
				CLANG_WARN_ENUM_CONVERSION = YES;
				CLANG_WARN_INFINITE_RECURSION = YES;
				CLANG_WARN_INT_CONVERSION = YES;
				CLANG_WARN_NON_LITERAL_NULL_CONVERSION = YES;
				CLANG_WARN_OBJC_IMPLICIT_RETAIN_SELF = YES;
				CLANG_WARN_OBJC_LITERAL_CONVERSION = YES;
				CLANG_WARN_OBJC_ROOT_CLASS = YES_ERROR;
				CLANG_WARN_RANGE_LOOP_ANALYSIS = YES;
				CLANG_WARN_STRICT_PROTOTYPES = YES;
				CLANG_WARN_SUSPICIOUS_MOVE = YES;
				CLANG_WARN_UNGUARDED_AVAILABILITY = YES_AGGRESSIVE;
				CLANG_WARN_UNREACHABLE_CODE = YES;
				CLANG_WARN__DUPLICATE_METHOD_MATCH = YES;
				CODE_SIGN_IDENTITY = "iPhone Developer";
				COPY_PHASE_STRIP = NO;
				DEBUG_INFORMATION_FORMAT = "dwarf-with-dsym";
				ENABLE_NS_ASSERTIONS = NO;
				ENABLE_STRICT_OBJC_MSGSEND = YES;
				GCC_C_LANGUAGE_STANDARD = gnu11;
				GCC_NO_COMMON_BLOCKS = YES;
				GCC_WARN_64_TO_32_BIT_CONVERSION = YES;
				GCC_WARN_ABOUT_RETURN_TYPE = YES_ERROR;
				GCC_WARN_UNDECLARED_SELECTOR = YES;
				GCC_WARN_UNINITIALIZED_AUTOS = YES_AGGRESSIVE;
				GCC_WARN_UNUSED_FUNCTION = YES;
				GCC_WARN_UNUSED_VARIABLE = YES;
				IPHONEOS_DEPLOYMENT_TARGET = 12.0;
				MTL_ENABLE_DEBUG_INFO = NO;
				SDKROOT = iphoneos;
				SWIFT_COMPILATION_MODE = wholemodule;
				SWIFT_OPTIMIZATION_LEVEL = "-O";
				VALIDATE_PRODUCT = YES;
			};
			name = Release;
		};
		B3E9A5F620E9C7AC003AD82A /* Debug */ = {
			isa = XCBuildConfiguration;
			baseConfigurationReference = A2792805F632546E0E7F041A /* Pods-FindMyFriends.debug.xcconfig */;
			buildSettings = {
				ASSETCATALOG_COMPILER_APPICON_NAME = AppIcon;
				CODE_SIGN_STYLE = Automatic;
				DEVELOPMENT_TEAM = C79K9PYRJB;
				INFOPLIST_FILE = "$(SRCROOT)/FindMyFriends/Info.plist";
				IPHONEOS_DEPLOYMENT_TARGET = 10.0;
				LD_RUNPATH_SEARCH_PATHS = (
					"$(inherited)",
					"@executable_path/Frameworks",
				);
				PRODUCT_BUNDLE_IDENTIFIER = com.leo.FindMyFriend;
				PRODUCT_NAME = "$(TARGET_NAME)";
				SWIFT_VERSION = 4.2;
				TARGETED_DEVICE_FAMILY = "1,2";
			};
			name = Debug;
		};
		B3E9A5F720E9C7AC003AD82A /* Release */ = {
			isa = XCBuildConfiguration;
			baseConfigurationReference = 7F1DA1DFD24746C7F1C0DEFF /* Pods-FindMyFriends.release.xcconfig */;
			buildSettings = {
				ASSETCATALOG_COMPILER_APPICON_NAME = AppIcon;
				CODE_SIGN_STYLE = Automatic;
				DEVELOPMENT_TEAM = C79K9PYRJB;
				INFOPLIST_FILE = "$(SRCROOT)/FindMyFriends/Info.plist";
				IPHONEOS_DEPLOYMENT_TARGET = 10.0;
				LD_RUNPATH_SEARCH_PATHS = (
					"$(inherited)",
					"@executable_path/Frameworks",
				);
				PRODUCT_BUNDLE_IDENTIFIER = com.leo.FindMyFriend;
				PRODUCT_NAME = "$(TARGET_NAME)";
				SWIFT_VERSION = 4.2;
				TARGETED_DEVICE_FAMILY = "1,2";
			};
			name = Release;
		};
/* End XCBuildConfiguration section */

/* Begin XCConfigurationList section */
		B3E9A5DE20E9C7AA003AD82A /* Build configuration list for PBXProject "FindMyFriends" */ = {
			isa = XCConfigurationList;
			buildConfigurations = (
				B3E9A5F320E9C7AC003AD82A /* Debug */,
				B3E9A5F420E9C7AC003AD82A /* Release */,
			);
			defaultConfigurationIsVisible = 0;
			defaultConfigurationName = Release;
		};
		B3E9A5F520E9C7AC003AD82A /* Build configuration list for PBXNativeTarget "FindMyFriends" */ = {
			isa = XCConfigurationList;
			buildConfigurations = (
				B3E9A5F620E9C7AC003AD82A /* Debug */,
				B3E9A5F720E9C7AC003AD82A /* Release */,
			);
			defaultConfigurationIsVisible = 0;
			defaultConfigurationName = Release;
		};
/* End XCConfigurationList section */
	};
	rootObject = B3E9A5DB20E9C7AA003AD82A /* Project object */;
}
